{
  "name": "faythe",
  "version": "1.0.0",
  "lockfileVersion": 1,
  "requires": true,
  "dependencies": {
    "@stablelib/aead": {
      "version": "1.0.0",
      "resolved": "https://registry.npmjs.org/@stablelib/aead/-/aead-1.0.0.tgz",
      "integrity": "sha512-2iO0P15w1onK8g/m6ygNqlMFBfC7BM8o1Zr7jRqMAF9+zhhyY3h4NZwnXKxUm11TBm62Yeesw+FKqs/gJ6shMA=="
    },
    "@stablelib/binary": {
      "version": "1.0.0",
      "resolved": "https://registry.npmjs.org/@stablelib/binary/-/binary-1.0.0.tgz",
      "integrity": "sha512-W01QhOw1tWL51Du1c5JZphJs7toRbfra1C2DBlhT0mRHZWGWB1hpFbqiZUFY7QNIMUpmmHLrlZs3YsSCB/giUg==",
      "requires": {
        "@stablelib/int": "^1.0.0"
      }
    },
    "@stablelib/blake2b": {
      "version": "1.0.0",
      "resolved": "https://registry.npmjs.org/@stablelib/blake2b/-/blake2b-1.0.0.tgz",
      "integrity": "sha512-r0UpSton41buNp+RN+zMEUoniTmbaBK/+GIO/dgSQrZP/9jfn8C5U19UNrul43LOTuhwTnTl6HW3CFznc18KPw==",
      "requires": {
        "@stablelib/binary": "^1.0.0",
        "@stablelib/hash": "^1.0.0",
        "@stablelib/wipe": "^1.0.0"
      }
    },
    "@stablelib/bytereader": {
      "version": "1.0.0",
      "resolved": "https://registry.npmjs.org/@stablelib/bytereader/-/bytereader-1.0.0.tgz",
      "integrity": "sha512-7VnC6qU0YPcdzDeALW3PNizaJGTKnSTIVczwVtJIwwJkgwuJfqMRBJd8ZhpTaHNdZd912NBC+/MSCDSj0pcSrQ==",
      "requires": {
        "@stablelib/binary": "^1.0.0"
      }
    },
    "@stablelib/bytes": {
      "version": "1.0.0",
      "resolved": "https://registry.npmjs.org/@stablelib/bytes/-/bytes-1.0.0.tgz",
      "integrity": "sha512-c9CfJwoZpxub6yicmhkeEpvLLsvsAP76tBAHEXKuEjPzza946U7bgebJJoMl8Q+ZlU2vy9ZoWCXE1uLpi817Pg=="
    },
    "@stablelib/bytewriter": {
      "version": "1.0.0",
      "resolved": "https://registry.npmjs.org/@stablelib/bytewriter/-/bytewriter-1.0.0.tgz",
      "integrity": "sha512-nZ9MgroIgjYMODEt4u+s7Qi8VX5KmtDAQLVWYcHxSLK5hfk9tBrL8WIKSixRJYJ3SneX0P8hYc2bo+O21rmS9w==",
      "requires": {
        "@stablelib/binary": "^1.0.0",
        "@stablelib/int": "^1.0.0",
        "@stablelib/wipe": "^1.0.0"
      }
    },
    "@stablelib/cbor": {
      "version": "1.0.0",
      "resolved": "https://registry.npmjs.org/@stablelib/cbor/-/cbor-1.0.0.tgz",
      "integrity": "sha512-TxzIqo0x5Ij+KKuFQ00wD+xgZ1uWpCX5mrwtn7ZenFNs3h2K7BSnNol04WOdFbuNrarshnQ/kV5uBact3PJmGQ==",
      "requires": {
        "@stablelib/bytereader": "^1.0.0",
        "@stablelib/bytewriter": "^1.0.0",
        "@stablelib/float": "^1.0.0",
        "@stablelib/int": "^1.0.0",
        "@stablelib/utf8": "^1.0.0"
      }
    },
    "@stablelib/chacha": {
      "version": "1.0.0",
      "resolved": "https://registry.npmjs.org/@stablelib/chacha/-/chacha-1.0.0.tgz",
      "integrity": "sha512-tlp3ECXiU7APq6n1YQ2K4B7MUppAOUWsvN1JMs2OWnYVR2Km+AsSmgMjjtefG8vPZ+J8tfY3sufzh5zCg5xiSw==",
      "requires": {
        "@stablelib/binary": "^1.0.0",
        "@stablelib/wipe": "^1.0.0"
      }
    },
    "@stablelib/chacha20poly1305": {
      "version": "1.0.0",
      "resolved": "https://registry.npmjs.org/@stablelib/chacha20poly1305/-/chacha20poly1305-1.0.0.tgz",
      "integrity": "sha512-sRv7T5nDRpwqerY9VZ3ABfzHukF/aa2njKvCHPvMpM3+WOYqU4JIP47MdvmrEj+NFHFP3hBx6XV5xpnV8IqMig==",
      "requires": {
        "@stablelib/aead": "^1.0.0",
        "@stablelib/binary": "^1.0.0",
        "@stablelib/chacha": "^1.0.0",
        "@stablelib/constant-time": "^1.0.0",
        "@stablelib/poly1305": "^1.0.0",
        "@stablelib/wipe": "^1.0.0"
      }
    },
    "@stablelib/constant-time": {
      "version": "1.0.0",
      "resolved": "https://registry.npmjs.org/@stablelib/constant-time/-/constant-time-1.0.0.tgz",
      "integrity": "sha512-0lH6SB0wP562fa0yvNZMF2NbFr8QHeefhO1KOu2unW8qH1npdep7I1vGbPqEM+BHg6LqllPceVE8Ca0RwIDLDA=="
    },
    "@stablelib/ed25519": {
      "version": "1.0.1",
      "resolved": "https://registry.npmjs.org/@stablelib/ed25519/-/ed25519-1.0.1.tgz",
      "integrity": "sha512-kvC98vkJeertRj37yqTcjOwUVYWQ0jcywxxWpeuTal5ZNgH7EcbljtQYECA2Pi2N0zNG0a0AjSD2Q2DFcUxRjQ==",
      "requires": {
        "@stablelib/random": "^1.0.0",
        "@stablelib/sha512": "^1.0.0",
        "@stablelib/wipe": "^1.0.0"
      }
    },
    "@stablelib/float": {
      "version": "1.0.0",
      "resolved": "https://registry.npmjs.org/@stablelib/float/-/float-1.0.0.tgz",
      "integrity": "sha512-9/TCU+ur0pcMEpK+n/HwoEMhWT/bD4M1Ov5kazm5QV7wL9NSmVnbQptLpUJTcnl0GTglkZZO7EHTOzimgRv4ow=="
    },
    "@stablelib/hash": {
      "version": "1.0.0",
      "resolved": "https://registry.npmjs.org/@stablelib/hash/-/hash-1.0.0.tgz",
      "integrity": "sha512-wBvSIIx4Y8799BRD4TBhezS1P9+irGAKdsNgbZMeU5ndMbw7BtZALdCm0FcJIRFxJ2giPLPS9YCgrwWAhzSRLQ=="
    },
    "@stablelib/int": {
      "version": "1.0.0",
      "resolved": "https://registry.npmjs.org/@stablelib/int/-/int-1.0.0.tgz",
      "integrity": "sha512-MRigEQCO7xM93nZqW4CbIBjhANGw3jJxGVSUZH3PQ6HWL1IGrFWVDBzIclWxl4l5aRRpqoM+76ellQNdUJPnsA=="
    },
    "@stablelib/keyagreement": {
      "version": "1.0.0",
      "resolved": "https://registry.npmjs.org/@stablelib/keyagreement/-/keyagreement-1.0.0.tgz",
      "integrity": "sha512-M4f0QhuYGrMCLPoJIKWpC5riJfDivOFZHOAlj1Av44UJSyMzM46gJW0e9khKoTcbU8r8oXebkwlJT70Xm0+kqg==",
      "requires": {
        "@stablelib/bytes": "^1.0.0"
      }
    },
    "@stablelib/poly1305": {
      "version": "1.0.0",
      "resolved": "https://registry.npmjs.org/@stablelib/poly1305/-/poly1305-1.0.0.tgz",
      "integrity": "sha512-8EOq8g3Naae+gGI/c/Tt1+xhbgDvkFwYx7QfTlps7SwA/IC6dhEZ+BzvU6O9FuVQ/l72yV7i3PSJ3LMOvTxS8g==",
      "requires": {
        "@stablelib/constant-time": "^1.0.0",
        "@stablelib/wipe": "^1.0.0"
      }
    },
    "@stablelib/random": {
      "version": "1.0.0",
      "resolved": "https://registry.npmjs.org/@stablelib/random/-/random-1.0.0.tgz",
      "integrity": "sha512-G9vwwKrNCGMI/uHL6XeWe2Nk4BuxkYyWZagGaDU9wrsuV+9hUwNI1lok2WVo8uJDa2zx7ahNwN7Ij983hOUFEw==",
      "requires": {
        "@stablelib/binary": "^1.0.0",
        "@stablelib/wipe": "^1.0.0"
      }
    },
    "@stablelib/sha512": {
      "version": "1.0.0",
      "resolved": "https://registry.npmjs.org/@stablelib/sha512/-/sha512-1.0.0.tgz",
      "integrity": "sha512-qvUu5SraAdGa8HAkAasfMyD9C+MwlRnFVRJ6cRxAEIekmDsU3tfGLnUm3wb9ao4t0FkihGrj8GKlV82TTR4Phw==",
      "requires": {
        "@stablelib/binary": "^1.0.0",
        "@stablelib/hash": "^1.0.0",
        "@stablelib/wipe": "^1.0.0"
      }
    },
    "@stablelib/utf8": {
      "version": "1.0.0",
      "resolved": "https://registry.npmjs.org/@stablelib/utf8/-/utf8-1.0.0.tgz",
      "integrity": "sha512-Y8QWrK4T0yW0HMFfSI3ZaMHKV37q27hX5ilsmKV358x01mzYfj5fwIf2LjzTlF+UIemHEXSlSN9XJnv1ML4znQ=="
    },
    "@stablelib/wipe": {
      "version": "1.0.0",
      "resolved": "https://registry.npmjs.org/@stablelib/wipe/-/wipe-1.0.0.tgz",
      "integrity": "sha512-0Fd4MQCbEh8OFSO+gG7wBXok7yRC3w+xe/wWM8KNye7EGoHr4BTFZNWV/1xAn2r8/gyFKxPXT8uxXRzDzGq6rg=="
    },
    "@stablelib/x25519": {
      "version": "1.0.0",
      "resolved": "https://registry.npmjs.org/@stablelib/x25519/-/x25519-1.0.0.tgz",
      "integrity": "sha512-sjlOzC8eZJhHTuMZnSTxtawYXbFXZtHm6TbhacvoYmJOG9/3cFX5z1Aw0WZfQvPNSk+8aPrpwuyRMmUO1PW8yw==",
      "requires": {
        "@stablelib/keyagreement": "^1.0.0",
        "@stablelib/random": "^1.0.0",
        "@stablelib/wipe": "^1.0.0"
      }
    },
    "@stablelib/xchacha20": {
      "version": "1.0.0",
      "resolved": "https://registry.npmjs.org/@stablelib/xchacha20/-/xchacha20-1.0.0.tgz",
      "integrity": "sha512-8q98HxPCgVUGMnjMl79KhEtWsh0UQbTt5x1570QnynF3uzzsGgP7exXwkyqi7s85SdvdO8EKEezDMjuzqv69Yw==",
      "requires": {
        "@stablelib/binary": "^1.0.0",
        "@stablelib/chacha": "^1.0.0",
        "@stablelib/wipe": "^1.0.0"
      }
    },
    "@stablelib/xchacha20poly1305": {
      "version": "1.0.0",
      "resolved": "https://registry.npmjs.org/@stablelib/xchacha20poly1305/-/xchacha20poly1305-1.0.0.tgz",
      "integrity": "sha512-rVcKmgEeMK8kInx2bvvBXLL/wMKrqeA6luWiZYRQj1QMnZnq3ReZd1szZdz2QWFQOlp7rXsZp+EaM4FqNlfZSw==",
      "requires": {
        "@stablelib/aead": "^1.0.0",
        "@stablelib/chacha20poly1305": "^1.0.0",
        "@stablelib/constant-time": "^1.0.0",
        "@stablelib/wipe": "^1.0.0",
        "@stablelib/xchacha20": "^1.0.0"
      }
    },
    "base-x": {
      "version": "3.0.8",
      "resolved": "https://registry.npmjs.org/base-x/-/base-x-3.0.8.tgz",
      "integrity": "sha512-Rl/1AWP4J/zRrk54hhlxH4drNxPJXYUaKffODVI53/dAsV4t9fBxyxYKAVPU1XBHxYwOWP9h9H0hM2MVw4YfJA==",
      "requires": {
        "safe-buffer": "^5.0.1"
      }
    },
    "base64-js": {
      "version": "1.3.1",
      "resolved": "https://registry.npmjs.org/base64-js/-/base64-js-1.3.1.tgz",
      "integrity": "sha512-mLQ4i2QO1ytvGWFWmcngKO//JXAQueZvwEKtjgQFM4jIK0kU+ytMfplL8j+n5mspOfjHwoAg+9yhb7BwAHm36g=="
    },
    "buffer": {
      "version": "5.6.0",
      "resolved": "https://registry.npmjs.org/buffer/-/buffer-5.6.0.tgz",
      "integrity": "sha512-/gDYp/UtU0eA1ys8bOs9J6a+E/KWIY+DZ+Q2WESNUA0jFRsJOc0SNUO6xJ5SGA1xueg3NL65W6s+NY5l9cunuw==",
      "requires": {
        "base64-js": "^1.0.2",
        "ieee754": "^1.1.4"
      }
    },
    "canonicalize": {
      "version": "1.0.1",
      "resolved": "https://registry.npmjs.org/canonicalize/-/canonicalize-1.0.1.tgz",
      "integrity": "sha512-N3cmB3QLhS5TJ5smKFf1w42rJXWe6C1qP01z4dxJiI5v269buii4fLHWETDyf7yEd0azGLNC63VxNMiPd2u0Cg=="
    },
    "debug": {
      "version": "4.1.1",
      "resolved": "https://registry.npmjs.org/debug/-/debug-4.1.1.tgz",
      "integrity": "sha512-pYAIzeRo8J6KPEaJ0VWOh5Pzkbw/RetuzehGM7QRRX5he4fPHx2rdKMB256ehJCkX+XRQm16eZLqLNS8RSZXZw==",
      "requires": {
        "ms": "^2.1.1"
      }
    },
    "define-properties": {
      "version": "1.1.3",
      "resolved": "https://registry.npmjs.org/define-properties/-/define-properties-1.1.3.tgz",
      "integrity": "sha512-3MqfYKj2lLzdMSf8ZIZE/V+Zuy+BgD6f164e8K2w7dgnpKArBDerGYpM46IYYcjnkdPNMjPk9A6VFB8+3SKlXQ==",
      "requires": {
        "object-keys": "^1.0.12"
      },
      "dependencies": {
        "object-keys": {
          "version": "1.1.1",
          "resolved": "https://registry.npmjs.org/object-keys/-/object-keys-1.1.1.tgz",
          "integrity": "sha512-NuAESUOUMrlIXOfHKzD6bpPu3tYt3xvjNdRIQ+FeT0lNb4K8WR70CaDxhuNguS2XG+GjkyMwOzsN5ZktImfhLA=="
        }
      }
    },
    "es-abstract": {
      "version": "1.17.5",
      "resolved": "https://registry.npmjs.org/es-abstract/-/es-abstract-1.17.5.tgz",
      "integrity": "sha512-BR9auzDbySxOcfog0tLECW8l28eRGpDpU3Dm3Hp4q/N+VtLTmyj4EUN088XZWQDW/hzj6sYRDXeOFsaAODKvpg==",
      "requires": {
        "es-to-primitive": "^1.2.1",
        "function-bind": "^1.1.1",
        "has": "^1.0.3",
        "has-symbols": "^1.0.1",
        "is-callable": "^1.1.5",
        "is-regex": "^1.0.5",
        "object-inspect": "^1.7.0",
        "object-keys": "^1.1.1",
        "object.assign": "^4.1.0",
        "string.prototype.trimleft": "^2.1.1",
        "string.prototype.trimright": "^2.1.1"
      },
      "dependencies": {
        "object-keys": {
          "version": "1.1.1",
          "resolved": "https://registry.npmjs.org/object-keys/-/object-keys-1.1.1.tgz",
          "integrity": "sha512-NuAESUOUMrlIXOfHKzD6bpPu3tYt3xvjNdRIQ+FeT0lNb4K8WR70CaDxhuNguS2XG+GjkyMwOzsN5ZktImfhLA=="
        }
      }
    },
    "es-to-primitive": {
      "version": "1.2.1",
      "resolved": "https://registry.npmjs.org/es-to-primitive/-/es-to-primitive-1.2.1.tgz",
      "integrity": "sha512-QCOllgZJtaUo9miYBcLChTUaHNjJF3PYs1VidD7AwiEj1kYxKeQTctLAezAOH5ZKRH0g2IgPn6KwB4IT8iRpvA==",
      "requires": {
        "is-callable": "^1.1.4",
        "is-date-object": "^1.0.1",
        "is-symbol": "^1.0.2"
      }
    },
    "esm": {
      "version": "3.2.25",
      "resolved": "https://registry.npmjs.org/esm/-/esm-3.2.25.tgz",
      "integrity": "sha512-U1suiZ2oDVWv4zPO56S0NcR5QriEahGtdN2OR6FiOG4WJvcjBVFB0qI4+eKoWFH483PKGuLuu6V8Z4T5g63UVA=="
    },
    "function-bind": {
      "version": "1.1.1",
      "resolved": "https://registry.npmjs.org/function-bind/-/function-bind-1.1.1.tgz",
      "integrity": "sha512-yIovAzMX49sF8Yl58fSCWJ5svSLuaibPxXQJFLmBObTuCr0Mf1KiPopGM9NiFjiYBCbfaa2Fh6breQ6ANVTI0A=="
    },
    "has": {
      "version": "1.0.3",
      "resolved": "https://registry.npmjs.org/has/-/has-1.0.3.tgz",
      "integrity": "sha512-f2dvO0VU6Oej7RkWJGrehjbzMAjFp5/VKPp5tTpWIV4JHHZK1/BxbFRtf/siA2SWTe09caDmVtYYzWEIbBS4zw==",
      "requires": {
        "function-bind": "^1.1.1"
      }
    },
    "has-symbols": {
      "version": "1.0.1",
      "resolved": "https://registry.npmjs.org/has-symbols/-/has-symbols-1.0.1.tgz",
      "integrity": "sha512-PLcsoqu++dmEIZB+6totNFKq/7Do+Z0u4oT0zKOJNl3lYK6vGwwu2hjHs+68OEZbTjiUE9bgOABXbP/GvrS0Kg=="
    },
    "ieee754": {
      "version": "1.1.13",
      "resolved": "https://registry.npmjs.org/ieee754/-/ieee754-1.1.13.tgz",
      "integrity": "sha512-4vf7I2LYV/HaWerSo3XmlMkp5eZ83i+/CDluXi/IGTs/O1sejBNhTtnxzmRZfvOUqj7lZjqHkeTvpgSFDlWZTg=="
    },
    "is-callable": {
      "version": "1.1.5",
      "resolved": "https://registry.npmjs.org/is-callable/-/is-callable-1.1.5.tgz",
      "integrity": "sha512-ESKv5sMCJB2jnHTWZ3O5itG+O128Hsus4K4Qh1h2/cgn2vbgnLSVqfV46AeJA9D5EeeLa9w81KUXMtn34zhX+Q=="
    },
    "is-date-object": {
      "version": "1.0.2",
      "resolved": "https://registry.npmjs.org/is-date-object/-/is-date-object-1.0.2.tgz",
      "integrity": "sha512-USlDT524woQ08aoZFzh3/Z6ch9Y/EWXEHQ/AaRN0SkKq4t2Jw2R2339tSXmwuVoY7LLlBCbOIlx2myP/L5zk0g=="
    },
    "is-regex": {
      "version": "1.0.5",
      "resolved": "https://registry.npmjs.org/is-regex/-/is-regex-1.0.5.tgz",
      "integrity": "sha512-vlKW17SNq44owv5AQR3Cq0bQPEb8+kF3UKZ2fiZNOWtztYE5i0CzCZxFDwO58qAOWtxdBRVO/V5Qin1wjCqFYQ==",
      "requires": {
        "has": "^1.0.3"
      }
    },
    "is-symbol": {
      "version": "1.0.3",
      "resolved": "https://registry.npmjs.org/is-symbol/-/is-symbol-1.0.3.tgz",
      "integrity": "sha512-OwijhaRSgqvhm/0ZdAcXNZt9lYdKFpcRDT5ULUuYXPoT794UNOdU+gpT6Rzo7b4V2HUl/op6GqY894AZwv9faQ==",
      "requires": {
        "has-symbols": "^1.0.1"
      }
    },
    "ms": {
      "version": "2.1.2",
      "resolved": "https://registry.npmjs.org/ms/-/ms-2.1.2.tgz",
      "integrity": "sha512-sGkPx+VjMtmA6MX27oA4FBFELFCZZ4S4XqeGOXCv68tT+jb3vk/RyaKWP0PTKyWtmLSM0b+adUTEvbs1PEaH2w=="
    },
    "multibase": {
      "version": "0.7.0",
      "resolved": "https://registry.npmjs.org/multibase/-/multibase-0.7.0.tgz",
      "integrity": "sha512-TW8q03O0f6PNFTQDvh3xxH03c8CjGaaYrjkl9UQPG6rz53TQzzxJVCIWVjzcbN/Q5Y53Zd0IBQBMVktVgNx4Fg==",
      "requires": {
        "base-x": "^3.0.8",
        "buffer": "^5.5.0"
      }
    },
    "object-inspect": {
      "version": "1.7.0",
      "resolved": "https://registry.npmjs.org/object-inspect/-/object-inspect-1.7.0.tgz",
      "integrity": "sha512-a7pEHdh1xKIAgTySUGgLMx/xwDZskN1Ud6egYYN3EdRW4ZMPNEDUTF+hwy2LUC+Bl+SyLXANnwz/jyh/qutKUw=="
    },
    "object.assign": {
      "version": "4.1.0",
      "resolved": "https://registry.npmjs.org/object.assign/-/object.assign-4.1.0.tgz",
      "integrity": "sha512-exHJeq6kBKj58mqGyTQ9DFvrZC/eR6OwxzoM9YRoGBqrXYonaFyGiFMuc9VZrXf7DarreEwMpurG3dd+CNyW5w==",
      "requires": {
        "define-properties": "^1.1.2",
        "function-bind": "^1.1.1",
        "has-symbols": "^1.0.0",
        "object-keys": "^1.0.11"
      },
      "dependencies": {
        "object-keys": {
          "version": "1.1.1",
          "resolved": "https://registry.npmjs.org/object-keys/-/object-keys-1.1.1.tgz",
          "integrity": "sha512-NuAESUOUMrlIXOfHKzD6bpPu3tYt3xvjNdRIQ+FeT0lNb4K8WR70CaDxhuNguS2XG+GjkyMwOzsN5ZktImfhLA=="
        }
      }
    },
    "object.getownpropertydescriptors": {
      "version": "2.1.0",
      "resolved": "https://registry.npmjs.org/object.getownpropertydescriptors/-/object.getownpropertydescriptors-2.1.0.tgz",
      "integrity": "sha512-Z53Oah9A3TdLoblT7VKJaTDdXdT+lQO+cNpKVnya5JDe9uLvzu1YyY1yFDFrcxrlRgWrEFH0jJtD/IbuwjcEVg==",
      "requires": {
        "define-properties": "^1.1.3",
        "es-abstract": "^1.17.0-next.1"
      }
    },
    "safe-buffer": {
      "version": "5.2.1",
      "resolved": "https://registry.npmjs.org/safe-buffer/-/safe-buffer-5.2.1.tgz",
      "integrity": "sha512-rp3So07KcdmmKbGvgaNxQSJr7bGVSVk5S9Eq1F+ppbRo70+YeaDxkw5Dd8NPN+GD6bjnYm2VuPuCXmpuYvmCXQ=="
    },
    "string.prototype.trimend": {
      "version": "1.0.1",
      "resolved": "https://registry.npmjs.org/string.prototype.trimend/-/string.prototype.trimend-1.0.1.tgz",
      "integrity": "sha512-LRPxFUaTtpqYsTeNKaFOw3R4bxIzWOnbQ837QfBylo8jIxtcbK/A/sMV7Q+OAV/vWo+7s25pOE10KYSjaSO06g==",
      "requires": {
        "define-properties": "^1.1.3",
        "es-abstract": "^1.17.5"
      }
    },
    "string.prototype.trimleft": {
      "version": "2.1.2",
      "resolved": "https://registry.npmjs.org/string.prototype.trimleft/-/string.prototype.trimleft-2.1.2.tgz",
      "integrity": "sha512-gCA0tza1JBvqr3bfAIFJGqfdRTyPae82+KTnm3coDXkZN9wnuW3HjGgN386D7hfv5CHQYCI022/rJPVlqXyHSw==",
      "requires": {
        "define-properties": "^1.1.3",
        "es-abstract": "^1.17.5",
        "string.prototype.trimstart": "^1.0.0"
      }
    },
    "string.prototype.trimright": {
      "version": "2.1.2",
      "resolved": "https://registry.npmjs.org/string.prototype.trimright/-/string.prototype.trimright-2.1.2.tgz",
      "integrity": "sha512-ZNRQ7sY3KroTaYjRS6EbNiiHrOkjihL9aQE/8gfQ4DtAC/aEBRHFJa44OmoWxGGqXuJlfKkZW4WcXErGr+9ZFg==",
      "requires": {
        "define-properties": "^1.1.3",
        "es-abstract": "^1.17.5",
        "string.prototype.trimend": "^1.0.0"
      }
    },
    "string.prototype.trimstart": {
      "version": "1.0.1",
      "resolved": "https://registry.npmjs.org/string.prototype.trimstart/-/string.prototype.trimstart-1.0.1.tgz",
      "integrity": "sha512-XxZn+QpvrBI1FOcg6dIpxUPgWCPuNXvMD72aaRaUQv1eD4e/Qy8i/hFTe0BUmD60p/QA6bh1avmuPTfNjqVWRw==",
      "requires": {
        "define-properties": "^1.1.3",
        "es-abstract": "^1.17.5"
      }
    },
    "util.promisify": {
      "version": "1.0.1",
      "resolved": "https://registry.npmjs.org/util.promisify/-/util.promisify-1.0.1.tgz",
      "integrity": "sha512-g9JpC/3He3bm38zsLupWryXHoEcS22YHthuPQSJdMy6KNrzIRzWqcsHzD/WUnqe45whVou4VIsPew37DoXWNrA==",
      "requires": {
        "define-properties": "^1.1.3",
        "es-abstract": "^1.17.2",
        "has-symbols": "^1.0.1",
        "object.getownpropertydescriptors": "^2.1.0"
      }
    }
  }
}
